
Microsoft Visual Studio Solution File, Format Version 12.00
# Visual Studio Version 17
VisualStudioVersion = 17.13.35828.75 d17.13
MinimumVisualStudioVersion = 10.0.40219.1
Project("{FAE04EC0-301F-11D3-BF4B-00C04F79EFBC}") = "MelomanGuide", "MelomanGuide\MelomanGuide.csproj", "{950C0F58-5EF6-4391-8B74-8E81E25D9E1D}"
EndProject
Global
	GlobalSection(SolutionConfigurationPlatforms) = preSolution
		Debug|Any CPU = Debug|Any CPU
		Release|Any CPU = Release|Any CPU
	EndGlobalSection
	GlobalSection(ProjectConfigurationPlatforms) = postSolution
		{950C0F58-5EF6-4391-8B74-8E81E25D9E1D}.Debug|Any CPU.ActiveCfg = Debug|Any CPU
		{950C0F58-5EF6-4391-8B74-8E81E25D9E1D}.Debug|Any CPU.Build.0 = Debug|Any CPU
		{950C0F58-5EF6-4391-8B74-8E81E25D9E1D}.Release|Any CPU.ActiveCfg = Release|Any CPU
		{950C0F58-5EF6-4391-8B74-8E81E25D9E1D}.Release|Any CPU.Build.0 = Release|Any CPU
	EndGlobalSection
	GlobalSection(SolutionProperties) = preSolution
		HideSolutionNode = FALSE
	EndGlobalSection
	GlobalSection(ExtensibilityGlobals) = postSolution
		SolutionGuid = {4783D6A4-7FB1-4EAB-A32E-7F49A28FEC26}
	EndGlobalSection
EndGlobal
